
Microsoft Visual Studio Solution File, Format Version 12.00
# Visual Studio 2013
VisualStudioVersion = 12.0.21005.1
MinimumVisualStudioVersion = 10.0.40219.1
Project("{FAE04EC0-301F-11D3-BF4B-00C04F79EFBC}") = "Server", "Server\Server.csproj", "{4B5DB002-208B-43F6-A193-F63DDA351A25}"
EndProject
Project("{FAE04EC0-301F-11D3-BF4B-00C04F79EFBC}") = "Client", "Client\Client.csproj", "{B9306694-8089-4507-A09B-0670388BE2BD}"
EndProject
Project("{FAE04EC0-301F-11D3-BF4B-00C04F79EFBC}") = "Dto", "Dto\Dto.csproj", "{4252375A-45F7-4365-AAF2-4012109F2DAE}"
EndProject
Project("{2150E333-8FDC-42A3-9474-1A3956D46DE8}") = ".nuget", ".nuget", "{63D82B30-5B4D-4464-A95C-F223CF6133D2}"
	ProjectSection(SolutionItems) = preProject
		.nuget\NuGet.Config = .nuget\NuGet.Config
		.nuget\NuGet.exe = .nuget\NuGet.exe
		.nuget\NuGet.targets = .nuget\NuGet.targets
	EndProjectSection
EndProject
Project("{FAE04EC0-301F-11D3-BF4B-00C04F79EFBC}") = "PerfTestClient", "PerfTestClient\PerfTestClient.csproj", "{96FCBE75-89F0-473E-97A1-C70BD5BA36C8}"
EndProject
Project("{FAE04EC0-301F-11D3-BF4B-00C04F79EFBC}") = "PerfTestServer", "PerfTestServer\PerfTestServer.csproj", "{22EBA90C-6F02-42DC-8F37-AFAC6A252CB4}"
EndProject
Project("{FAE04EC0-301F-11D3-BF4B-00C04F79EFBC}") = "PerfTestDto", "PerfTestDto\PerfTestDto.csproj", "{98E21A2C-4DCE-457C-9A9E-D22252B6EE51}"
EndProject
Project("{2150E333-8FDC-42A3-9474-1A3956D46DE8}") = "SignalRPerfTests", "SignalRPerfTests", "{F0AD91E7-D8BB-4E44-9BA2-82BC2EBA9BDB}"
EndProject
Global
	GlobalSection(SolutionConfigurationPlatforms) = preSolution
		Debug|Any CPU = Debug|Any CPU
		Release|Any CPU = Release|Any CPU
	EndGlobalSection
	GlobalSection(ProjectConfigurationPlatforms) = postSolution
		{4B5DB002-208B-43F6-A193-F63DDA351A25}.Debug|Any CPU.ActiveCfg = Debug|Any CPU
		{4B5DB002-208B-43F6-A193-F63DDA351A25}.Debug|Any CPU.Build.0 = Debug|Any CPU
		{4B5DB002-208B-43F6-A193-F63DDA351A25}.Release|Any CPU.ActiveCfg = Release|Any CPU
		{4B5DB002-208B-43F6-A193-F63DDA351A25}.Release|Any CPU.Build.0 = Release|Any CPU
		{B9306694-8089-4507-A09B-0670388BE2BD}.Debug|Any CPU.ActiveCfg = Debug|Any CPU
		{B9306694-8089-4507-A09B-0670388BE2BD}.Debug|Any CPU.Build.0 = Debug|Any CPU
		{B9306694-8089-4507-A09B-0670388BE2BD}.Release|Any CPU.ActiveCfg = Release|Any CPU
		{B9306694-8089-4507-A09B-0670388BE2BD}.Release|Any CPU.Build.0 = Release|Any CPU
		{4252375A-45F7-4365-AAF2-4012109F2DAE}.Debug|Any CPU.ActiveCfg = Debug|Any CPU
		{4252375A-45F7-4365-AAF2-4012109F2DAE}.Debug|Any CPU.Build.0 = Debug|Any CPU
		{4252375A-45F7-4365-AAF2-4012109F2DAE}.Release|Any CPU.ActiveCfg = Release|Any CPU
		{4252375A-45F7-4365-AAF2-4012109F2DAE}.Release|Any CPU.Build.0 = Release|Any CPU
		{96FCBE75-89F0-473E-97A1-C70BD5BA36C8}.Debug|Any CPU.ActiveCfg = Debug|Any CPU
		{96FCBE75-89F0-473E-97A1-C70BD5BA36C8}.Debug|Any CPU.Build.0 = Debug|Any CPU
		{96FCBE75-89F0-473E-97A1-C70BD5BA36C8}.Release|Any CPU.ActiveCfg = Release|Any CPU
		{96FCBE75-89F0-473E-97A1-C70BD5BA36C8}.Release|Any CPU.Build.0 = Release|Any CPU
		{22EBA90C-6F02-42DC-8F37-AFAC6A252CB4}.Debug|Any CPU.ActiveCfg = Debug|Any CPU
		{22EBA90C-6F02-42DC-8F37-AFAC6A252CB4}.Debug|Any CPU.Build.0 = Debug|Any CPU
		{22EBA90C-6F02-42DC-8F37-AFAC6A252CB4}.Release|Any CPU.ActiveCfg = Release|Any CPU
		{22EBA90C-6F02-42DC-8F37-AFAC6A252CB4}.Release|Any CPU.Build.0 = Release|Any CPU
		{98E21A2C-4DCE-457C-9A9E-D22252B6EE51}.Debug|Any CPU.ActiveCfg = Debug|Any CPU
		{98E21A2C-4DCE-457C-9A9E-D22252B6EE51}.Debug|Any CPU.Build.0 = Debug|Any CPU
		{98E21A2C-4DCE-457C-9A9E-D22252B6EE51}.Release|Any CPU.ActiveCfg = Release|Any CPU
		{98E21A2C-4DCE-457C-9A9E-D22252B6EE51}.Release|Any CPU.Build.0 = Release|Any CPU
	EndGlobalSection
	GlobalSection(SolutionProperties) = preSolution
		HideSolutionNode = FALSE
	EndGlobalSection
	GlobalSection(NestedProjects) = preSolution
		{96FCBE75-89F0-473E-97A1-C70BD5BA36C8} = {F0AD91E7-D8BB-4E44-9BA2-82BC2EBA9BDB}
		{98E21A2C-4DCE-457C-9A9E-D22252B6EE51} = {F0AD91E7-D8BB-4E44-9BA2-82BC2EBA9BDB}
		{22EBA90C-6F02-42DC-8F37-AFAC6A252CB4} = {F0AD91E7-D8BB-4E44-9BA2-82BC2EBA9BDB}
	EndGlobalSection
EndGlobal
